// !$*UTF8*$!
{
	archiveVersion = 1;
	classes = {
	};
	objectVersion = 50;
	objects = {

/* Begin PBXBuildFile section */
		28C5264E22BFC50F00F73251 /* AppDelegate.swift in Sources */ = {isa = PBXBuildFile; fileRef = 28C5264D22BFC50F00F73251 /* AppDelegate.swift */; };
		28C5265022BFC50F00F73251 /* ViewController.swift in Sources */ = {isa = PBXBuildFile; fileRef = 28C5264F22BFC50F00F73251 /* ViewController.swift */; };
		28C5265322BFC50F00F73251 /* Main.storyboard in Resources */ = {isa = PBXBuildFile; fileRef = 28C5265122BFC50F00F73251 /* Main.storyboard */; };
		28C5265522BFC51000F73251 /* Assets.xcassets in Resources */ = {isa = PBXBuildFile; fileRef = 28C5265422BFC51000F73251 /* Assets.xcassets */; };
		28C5265822BFC51000F73251 /* LaunchScreen.storyboard in Resources */ = {isa = PBXBuildFile; fileRef = 28C5265622BFC51000F73251 /* LaunchScreen.storyboard */; };
		28C5266322BFC51000F73251 /* app1Tests.swift in Sources */ = {isa = PBXBuildFile; fileRef = 28C5266222BFC51000F73251 /* app1Tests.swift */; };
		28C5266E22BFC51000F73251 /* app1UITests.swift in Sources */ = {isa = PBXBuildFile; fileRef = 28C5266D22BFC51000F73251 /* app1UITests.swift */; };
/* End PBXBuildFile section */

/* Begin PBXContainerItemProxy section */
		28C5265F22BFC51000F73251 /* PBXContainerItemProxy */ = {
			isa = PBXContainerItemProxy;
			containerPortal = 28C5264222BFC50F00F73251 /* Project object */;
			proxyType = 1;
			remoteGlobalIDString = 28C5264922BFC50F00F73251;
			remoteInfo = app1;
		};
		28C5266A22BFC51000F73251 /* PBXContainerItemProxy */ = {
			isa = PBXContainerItemProxy;
			containerPortal = 28C5264222BFC50F00F73251 /* Project object */;
			proxyType = 1;
			remoteGlobalIDString = 28C5264922BFC50F00F73251;
			remoteInfo = app1;
		};
/* End PBXContainerItemProxy section */

/* Begin PBXFileReference section */
		28C5264A22BFC50F00F73251 /* app1.app */ = {isa = PBXFileReference; explicitFileType = wrapper.application; includeInIndex = 0; path = app1.app; sourceTree = BUILT_PRODUCTS_DIR; };
		28C5264D22BFC50F00F73251 /* AppDelegate.swift */ = {isa = PBXFileReference; lastKnownFileType = sourcecode.swift; path = AppDelegate.swift; sourceTree = "<group>"; };
		28C5264F22BFC50F00F73251 /* ViewController.swift */ = {isa = PBXFileReference; lastKnownFileType = sourcecode.swift; path = ViewController.swift; sourceTree = "<group>"; };
		28C5265222BFC50F00F73251 /* Base */ = {isa = PBXFileReference; lastKnownFileType = file.storyboard; name = Base; path = Base.lproj/Main.storyboard; sourceTree = "<group>"; };
		28C5265422BFC51000F73251 /* Assets.xcassets */ = {isa = PBXFileReference; lastKnownFileType = folder.assetcatalog; path = Assets.xcassets; sourceTree = "<group>"; };
		28C5265722BFC51000F73251 /* Base */ = {isa = PBXFileReference; lastKnownFileType = file.storyboard; name = Base; path = Base.lproj/LaunchScreen.storyboard; sourceTree = "<group>"; };
		28C5265922BFC51000F73251 /* Info.plist */ = {isa = PBXFileReference; lastKnownFileType = text.plist.xml; path = Info.plist; sourceTree = "<group>"; };
		28C5265E22BFC51000F73251 /* app1Tests.xctest */ = {isa = PBXFileReference; explicitFileType = wrapper.cfbundle; includeInIndex = 0; path = app1Tests.xctest; sourceTree = BUILT_PRODUCTS_DIR; };
		28C5266222BFC51000F73251 /* app1Tests.swift */ = {isa = PBXFileReference; lastKnownFileType = sourcecode.swift; path = app1Tests.swift; sourceTree = "<group>"; };
		28C5266422BFC51000F73251 /* Info.plist */ = {isa = PBXFileReference; lastKnownFileType = text.plist.xml; path = Info.plist; sourceTree = "<group>"; };
		28C5266922BFC51000F73251 /* app1UITests.xctest */ = {isa = PBXFileReference; explicitFileType = wrapper.cfbundle; includeInIndex = 0; path = app1UITests.xctest; sourceTree = BUILT_PRODUCTS_DIR; };
		28C5266D22BFC51000F73251 /* app1UITests.swift */ = {isa = PBXFileReference; lastKnownFileType = sourcecode.swift; path = app1UITests.swift; sourceTree = "<group>"; };
		28C5266F22BFC51000F73251 /* Info.plist */ = {isa = PBXFileReference; lastKnownFileType = text.plist.xml; path = Info.plist; sourceTree = "<group>"; };
/* End PBXFileReference section */

/* Begin PBXFrameworksBuildPhase section */
		28C5264722BFC50F00F73251 /* Frameworks */ = {
			isa = PBXFrameworksBuildPhase;
			buildActionMask = 2147483647;
			files = (
			);
			runOnlyForDeploymentPostprocessing = 0;
		};
		28C5265B22BFC51000F73251 /* Frameworks */ = {
			isa = PBXFrameworksBuildPhase;
			buildActionMask = 2147483647;
			files = (
			);
			runOnlyForDeploymentPostprocessing = 0;
		};
		28C5266622BFC51000F73251 /* Frameworks */ = {
			isa = PBXFrameworksBuildPhase;
			buildActionMask = 2147483647;
			files = (
			);
			runOnlyForDeploymentPostprocessing = 0;
		};
/* End PBXFrameworksBuildPhase section */

/* Begin PBXGroup section */
		28C5264122BFC50E00F73251 = {
			isa = PBXGroup;
			children = (
				28C5264C22BFC50F00F73251 /* app1 */,
				28C5266122BFC51000F73251 /* app1Tests */,
				28C5266C22BFC51000F73251 /* app1UITests */,
				28C5264B22BFC50F00F73251 /* Products */,
			);
			sourceTree = "<group>";
		};
		28C5264B22BFC50F00F73251 /* Products */ = {
			isa = PBXGroup;
			children = (
				28C5264A22BFC50F00F73251 /* app1.app */,
				28C5265E22BFC51000F73251 /* app1Tests.xctest */,
				28C5266922BFC51000F73251 /* app1UITests.xctest */,
			);
			name = Products;
			sourceTree = "<group>";
		};
		28C5264C22BFC50F00F73251 /* app1 */ = {
			isa = PBXGroup;
			children = (
				28C5264D22BFC50F00F73251 /* AppDelegate.swift */,
				28C5264F22BFC50F00F73251 /* ViewController.swift */,
				28C5265122BFC50F00F73251 /* Main.storyboard */,
				28C5265422BFC51000F73251 /* Assets.xcassets */,
				28C5265622BFC51000F73251 /* LaunchScreen.storyboard */,
				28C5265922BFC51000F73251 /* Info.plist */,
			);
			path = app1;
			sourceTree = "<group>";
		};
		28C5266122BFC51000F73251 /* app1Tests */ = {
			isa = PBXGroup;
			children = (
				28C5266222BFC51000F73251 /* app1Tests.swift */,
				28C5266422BFC51000F73251 /* Info.plist */,
			);
			path = app1Tests;
			sourceTree = "<group>";
		};
		28C5266C22BFC51000F73251 /* app1UITests */ = {
			isa = PBXGroup;
			children = (
				28C5266D22BFC51000F73251 /* app1UITests.swift */,
				28C5266F22BFC51000F73251 /* Info.plist */,
			);
			path = app1UITests;
			sourceTree = "<group>";
		};
/* End PBXGroup section */

/* Begin PBXNativeTarget section */
		28C5264922BFC50F00F73251 /* app1 */ = {
			isa = PBXNativeTarget;
			buildConfigurationList = 28C5267222BFC51000F73251 /* Build configuration list for PBXNativeTarget "app1" */;
			buildPhases = (
				28C5264622BFC50F00F73251 /* Sources */,
				28C5264722BFC50F00F73251 /* Frameworks */,
				28C5264822BFC50F00F73251 /* Resources */,
			);
			buildRules = (
			);
			dependencies = (
			);
			name = app1;
			productName = app1;
			productReference = 28C5264A22BFC50F00F73251 /* app1.app */;
			productType = "com.apple.product-type.application";
		};
		28C5265D22BFC51000F73251 /* app1Tests */ = {
			isa = PBXNativeTarget;
			buildConfigurationList = 28C5267522BFC51000F73251 /* Build configuration list for PBXNativeTarget "app1Tests" */;
			buildPhases = (
				28C5265A22BFC51000F73251 /* Sources */,
				28C5265B22BFC51000F73251 /* Frameworks */,
				28C5265C22BFC51000F73251 /* Resources */,
			);
			buildRules = (
			);
			dependencies = (
				28C5266022BFC51000F73251 /* PBXTargetDependency */,
			);
			name = app1Tests;
			productName = app1Tests;
			productReference = 28C5265E22BFC51000F73251 /* app1Tests.xctest */;
			productType = "com.apple.product-type.bundle.unit-test";
		};
		28C5266822BFC51000F73251 /* app1UITests */ = {
			isa = PBXNativeTarget;
			buildConfigurationList = 28C5267822BFC51000F73251 /* Build configuration list for PBXNativeTarget "app1UITests" */;
			buildPhases = (
				28C5266522BFC51000F73251 /* Sources */,
				28C5266622BFC51000F73251 /* Frameworks */,
				28C5266722BFC51000F73251 /* Resources */,
			);
			buildRules = (
			);
			dependencies = (
				28C5266B22BFC51000F73251 /* PBXTargetDependency */,
			);
			name = app1UITests;
			productName = app1UITests;
			productReference = 28C5266922BFC51000F73251 /* app1UITests.xctest */;
			productType = "com.apple.product-type.bundle.ui-testing";
		};
/* End PBXNativeTarget section */

/* Begin PBXProject section */
		28C5264222BFC50F00F73251 /* Project object */ = {
			isa = PBXProject;
			attributes = {
				LastSwiftUpdateCheck = 1010;
				LastUpgradeCheck = 1010;
				ORGANIZATIONNAME = shingo;
				TargetAttributes = {
					28C5264922BFC50F00F73251 = {
						CreatedOnToolsVersion = 10.1;
					};
					28C5265D22BFC51000F73251 = {
						CreatedOnToolsVersion = 10.1;
						TestTargetID = 28C5264922BFC50F00F73251;
					};
					28C5266822BFC51000F73251 = {
						CreatedOnToolsVersion = 10.1;
						TestTargetID = 28C5264922BFC50F00F73251;
					};
				};
			};
			buildConfigurationList = 28C5264522BFC50F00F73251 /* Build configuration list for PBXProject "app1" */;
			compatibilityVersion = "Xcode 9.3";
			developmentRegion = en;
			hasScannedForEncodings = 0;
			knownRegions = (
				en,
				Base,
			);
			mainGroup = 28C5264122BFC50E00F73251;
			productRefGroup = 28C5264B22BFC50F00F73251 /* Products */;
			projectDirPath = "";
			projectRoot = "";
			targets = (
				28C5264922BFC50F00F73251 /* app1 */,
				28C5265D22BFC51000F73251 /* app1Tests */,
				28C5266822BFC51000F73251 /* app1UITests */,
			);
		};
/* End PBXProject section */

/* Begin PBXResourcesBuildPhase section */
		28C5264822BFC50F00F73251 /* Resources */ = {
			isa = PBXResourcesBuildPhase;
			buildActionMask = 2147483647;
			files = (
				28C5265822BFC51000F73251 /* LaunchScreen.storyboard in Resources */,
				28C5265522BFC51000F73251 /* Assets.xcassets in Resources */,
				28C5265322BFC50F00F73251 /* Main.storyboard in Resources */,
			);
			runOnlyForDeploymentPostprocessing = 0;
		};
		28C5265C22BFC51000F73251 /* Resources */ = {
			isa = PBXResourcesBuildPhase;
			buildActionMask = 2147483647;
			files = (
			);
			runOnlyForDeploymentPostprocessing = 0;
		};
		28C5266722BFC51000F73251 /* Resources */ = {
			isa = PBXResourcesBuildPhase;
			buildActionMask = 2147483647;
			files = (
			);
			runOnlyForDeploymentPostprocessing = 0;
		};
/* End PBXResourcesBuildPhase section */

/* Begin PBXSourcesBuildPhase section */
		28C5264622BFC50F00F73251 /* Sources */ = {
			isa = PBXSourcesBuildPhase;
			buildActionMask = 2147483647;
			files = (
				28C5265022BFC50F00F73251 /* ViewController.swift in Sources */,
				28C5264E22BFC50F00F73251 /* AppDelegate.swift in Sources */,
			);
			runOnlyForDeploymentPostprocessing = 0;
		};
		28C5265A22BFC51000F73251 /* Sources */ = {
			isa = PBXSourcesBuildPhase;
			buildActionMask = 2147483647;
			files = (
				28C5266322BFC51000F73251 /* app1Tests.swift in Sources */,
			);
			runOnlyForDeploymentPostprocessing = 0;
		};
		28C5266522BFC51000F73251 /* Sources */ = {
			isa = PBXSourcesBuildPhase;
			buildActionMask = 2147483647;
			files = (
				28C5266E22BFC51000F73251 /* app1UITests.swift in Sources */,
			);
			runOnlyForDeploymentPostprocessing = 0;
		};
/* End PBXSourcesBuildPhase section */

/* Begin PBXTargetDependency section */
		28C5266022BFC51000F73251 /* PBXTargetDependency */ = {
			isa = PBXTargetDependency;
			target = 28C5264922BFC50F00F73251 /* app1 */;
			targetProxy = 28C5265F22BFC51000F73251 /* PBXContainerItemProxy */;
		};
		28C5266B22BFC51000F73251 /* PBXTargetDependency */ = {
			isa = PBXTargetDependency;
			target = 28C5264922BFC50F00F73251 /* app1 */;
			targetProxy = 28C5266A22BFC51000F73251 /* PBXContainerItemProxy */;
		};
/* End PBXTargetDependency section */

/* Begin PBXVariantGroup section */
		28C5265122BFC50F00F73251 /* Main.storyboard */ = {
			isa = PBXVariantGroup;
			children = (
				28C5265222BFC50F00F73251 /* Base */,
			);
			name = Main.storyboard;
			sourceTree = "<group>";
		};
		28C5265622BFC51000F73251 /* LaunchScreen.storyboard */ = {
			isa = PBXVariantGroup;
			children = (
				28C5265722BFC51000F73251 /* Base */,
			);
			name = LaunchScreen.storyboard;
			sourceTree = "<group>";
		};
/* End PBXVariantGroup section */

/* Begin XCBuildConfiguration section */
		28C5267022BFC51000F73251 /* Debug */ = {
			isa = XCBuildConfiguration;
			buildSettings = {
				ALWAYS_SEARCH_USER_PATHS = NO;
				CLANG_ANALYZER_NONNULL = YES;
				CLANG_ANALYZER_NUMBER_OBJECT_CONVERSION = YES_AGGRESSIVE;
				CLANG_CXX_LANGUAGE_STANDARD = "gnu++14";
				CLANG_CXX_LIBRARY = "libc++";
				CLANG_ENABLE_MODULES = YES;
				CLANG_ENABLE_OBJC_ARC = YES;
				CLANG_ENABLE_OBJC_WEAK = YES;
				CLANG_WARN_BLOCK_CAPTURE_AUTORELEASING = YES;
				CLANG_WARN_BOOL_CONVERSION = YES;
				CLANG_WARN_COMMA = YES;
				CLANG_WARN_CONSTANT_CONVERSION = YES;
				CLANG_WARN_DEPRECATED_OBJC_IMPLEMENTATIONS = YES;
				CLANG_WARN_DIRECT_OBJC_ISA_USAGE = YES_ERROR;
				CLANG_WARN_DOCUMENTATION_COMMENTS = YES;
				CLANG_WARN_EMPTY_BODY = YES;
				CLANG_WARN_ENUM_CONVERSION = YES;
				CLANG_WARN_INFINITE_RECURSION = YES;
				CLANG_WARN_INT_CONVERSION = YES;
				CLANG_WARN_NON_LITERAL_NULL_CONVERSION = YES;
				CLANG_WARN_OBJC_IMPLICIT_RETAIN_SELF = YES;
				CLANG_WARN_OBJC_LITERAL_CONVERSION = YES;
				CLANG_WARN_OBJC_ROOT_CLASS = YES_ERROR;
				CLANG_WARN_RANGE_LOOP_ANALYSIS = YES;
				CLANG_WARN_STRICT_PROTOTYPES = YES;
				CLANG_WARN_SUSPICIOUS_MOVE = YES;
				CLANG_WARN_UNGUARDED_AVAILABILITY = YES_AGGRESSIVE;
				CLANG_WARN_UNREACHABLE_CODE = YES;
				CLANG_WARN__DUPLICATE_METHOD_MATCH = YES;
				CODE_SIGN_IDENTITY = "iPhone Developer";
				COPY_PHASE_STRIP = NO;
				DEBUG_INFORMATION_FORMAT = dwarf;
				ENABLE_STRICT_OBJC_MSGSEND = YES;
				ENABLE_TESTABILITY = YES;
				GCC_C_LANGUAGE_STANDARD = gnu11;
				GCC_DYNAMIC_NO_PIC = NO;
				GCC_NO_COMMON_BLOCKS = YES;
				GCC_OPTIMIZATION_LEVEL = 0;
				GCC_PREPROCESSOR_DEFINITIONS = (
					"DEBUG=1",
					"$(inherited)",
				);
				GCC_WARN_64_TO_32_BIT_CONVERSION = YES;
				GCC_WARN_ABOUT_RETURN_TYPE = YES_ERROR;
				GCC_WARN_UNDECLARED_SELECTOR = YES;
				GCC_WARN_UNINITIALIZED_AUTOS = YES_AGGRESSIVE;
				GCC_WARN_UNUSED_FUNCTION = YES;
				GCC_WARN_UNUSED_VARIABLE = YES;
				IPHONEOS_DEPLOYMENT_TARGET = 12.1;
				MTL_ENABLE_DEBUG_INFO = INCLUDE_SOURCE;
				MTL_FAST_MATH = YES;
				ONLY_ACTIVE_ARCH = YES;
				SDKROOT = iphoneos;
				SWIFT_ACTIVE_COMPILATION_CONDITIONS = DEBUG;
				SWIFT_OPTIMIZATION_LEVEL = "-Onone";
			};
			name = Debug;
		};
		28C5267122BFC51000F73251 /* Release */ = {
			isa = XCBuildConfiguration;
			buildSettings = {
				ALWAYS_SEARCH_USER_PATHS = NO;
				CLANG_ANALYZER_NONNULL = YES;
				CLANG_ANALYZER_NUMBER_OBJECT_CONVERSION = YES_AGGRESSIVE;
				CLANG_CXX_LANGUAGE_STANDARD = "gnu++14";
				CLANG_CXX_LIBRARY = "libc++";
				CLANG_ENABLE_MODULES = YES;
				CLANG_ENABLE_OBJC_ARC = YES;
				CLANG_ENABLE_OBJC_WEAK = YES;
				CLANG_WARN_BLOCK_CAPTURE_AUTORELEASING = YES;
				CLANG_WARN_BOOL_CONVERSION = YES;
				CLANG_WARN_COMMA = YES;
				CLANG_WARN_CONSTANT_CONVERSION = YES;
				CLANG_WARN_DEPRECATED_OBJC_IMPLEMENTATIONS = YES;
				CLANG_WARN_DIRECT_OBJC_ISA_USAGE = YES_ERROR;
				CLANG_WARN_DOCUMENTATION_COMMENTS = YES;
				CLANG_WARN_EMPTY_BODY = YES;
				CLANG_WARN_ENUM_CONVERSION = YES;
				CLANG_WARN_INFINITE_RECURSION = YES;
				CLANG_WARN_INT_CONVERSION = YES;
				CLANG_WARN_NON_LITERAL_NULL_CONVERSION = YES;
				CLANG_WARN_OBJC_IMPLICIT_RETAIN_SELF = YES;
				CLANG_WARN_OBJC_LITERAL_CONVERSION = YES;
				CLANG_WARN_OBJC_ROOT_CLASS = YES_ERROR;
				CLANG_WARN_RANGE_LOOP_ANALYSIS = YES;
				CLANG_WARN_STRICT_PROTOTYPES = YES;
				CLANG_WARN_SUSPICIOUS_MOVE = YES;
				CLANG_WARN_UNGUARDED_AVAILABILITY = YES_AGGRESSIVE;
				CLANG_WARN_UNREACHABLE_CODE = YES;
				CLANG_WARN__DUPLICATE_METHOD_MATCH = YES;
				CODE_SIGN_IDENTITY = "iPhone Developer";
				COPY_PHASE_STRIP = NO;
				DEBUG_INFORMATION_FORMAT = "dwarf-with-dsym";
				ENABLE_NS_ASSERTIONS = NO;
				ENABLE_STRICT_OBJC_MSGSEND = YES;
				GCC_C_LANGUAGE_STANDARD = gnu11;
				GCC_NO_COMMON_BLOCKS = YES;
				GCC_WARN_64_TO_32_BIT_CONVERSION = YES;
				GCC_WARN_ABOUT_RETURN_TYPE = YES_ERROR;
				GCC_WARN_UNDECLARED_SELECTOR = YES;
				GCC_WARN_UNINITIALIZED_AUTOS = YES_AGGRESSIVE;
				GCC_WARN_UNUSED_FUNCTION = YES;
				GCC_WARN_UNUSED_VARIABLE = YES;
				IPHONEOS_DEPLOYMENT_TARGET = 12.1;
				MTL_ENABLE_DEBUG_INFO = NO;
				MTL_FAST_MATH = YES;
				SDKROOT = iphoneos;
				SWIFT_COMPILATION_MODE = wholemodule;
				SWIFT_OPTIMIZATION_LEVEL = "-O";
				VALIDATE_PRODUCT = YES;
			};
			name = Release;
		};
		28C5267322BFC51000F73251 /* Debug */ = {
			isa = XCBuildConfiguration;
			buildSettings = {
				ASSETCATALOG_COMPILER_APPICON_NAME = AppIcon;
				CODE_SIGN_STYLE = Automatic;
				INFOPLIST_FILE = app1/Info.plist;
				LD_RUNPATH_SEARCH_PATHS = (
					"$(inherited)",
					"@executable_path/Frameworks",
				);
				PRODUCT_BUNDLE_IDENTIFIER = org.dev.app1;
				PRODUCT_NAME = "$(TARGET_NAME)";
				SWIFT_VERSION = 4.2;
				TARGETED_DEVICE_FAMILY = "1,2";
			};
			name = Debug;
		};
		28C5267422BFC51000F73251 /* Release */ = {
			isa = XCBuildConfiguration;
			buildSettings = {
				ASSETCATALOG_COMPILER_APPICON_NAME = AppIcon;
				CODE_SIGN_STYLE = Automatic;
				INFOPLIST_FILE = app1/Info.plist;
				LD_RUNPATH_SEARCH_PATHS = (
					"$(inherited)",
					"@executable_path/Frameworks",
				);
				PRODUCT_BUNDLE_IDENTIFIER = org.dev.app1;
				PRODUCT_NAME = "$(TARGET_NAME)";
				SWIFT_VERSION = 4.2;
				TARGETED_DEVICE_FAMILY = "1,2";
			};
			name = Release;
		};
		28C5267622BFC51000F73251 /* Debug */ = {
			isa = XCBuildConfiguration;
			buildSettings = {
				ALWAYS_EMBED_SWIFT_STANDARD_LIBRARIES = YES;
				BUNDLE_LOADER = "$(TEST_HOST)";
				CODE_SIGN_STYLE = Automatic;
				INFOPLIST_FILE = app1Tests/Info.plist;
				LD_RUNPATH_SEARCH_PATHS = (
					"$(inherited)",
					"@executable_path/Frameworks",
					"@loader_path/Frameworks",
				);
				PRODUCT_BUNDLE_IDENTIFIER = org.dev.app1Tests;
				PRODUCT_NAME = "$(TARGET_NAME)";
				SWIFT_VERSION = 4.2;
				TARGETED_DEVICE_FAMILY = "1,2";
				TEST_HOST = "$(BUILT_PRODUCTS_DIR)/app1.app/app1";
			};
			name = Debug;
		};
		28C5267722BFC51000F73251 /* Release */ = {
			isa = XCBuildConfiguration;
			buildSettings = {
				ALWAYS_EMBED_SWIFT_STANDARD_LIBRARIES = YES;
				BUNDLE_LOADER = "$(TEST_HOST)";
				CODE_SIGN_STYLE = Automatic;
				INFOPLIST_FILE = app1Tests/Info.plist;
				LD_RUNPATH_SEARCH_PATHS = (
					"$(inherited)",
					"@executable_path/Frameworks",
					"@loader_path/Frameworks",
				);
				PRODUCT_BUNDLE_IDENTIFIER = org.dev.app1Tests;
				PRODUCT_NAME = "$(TARGET_NAME)";
				SWIFT_VERSION = 4.2;
				TARGETED_DEVICE_FAMILY = "1,2";
				TEST_HOST = "$(BUILT_PRODUCTS_DIR)/app1.app/app1";
			};
			name = Release;
		};
		28C5267922BFC51000F73251 /* Debug */ = {
			isa = XCBuildConfiguration;
			buildSettings = {
				ALWAYS_EMBED_SWIFT_STANDARD_LIBRARIES = YES;
				CODE_SIGN_STYLE = Automatic;
				INFOPLIST_FILE = app1UITests/Info.plist;
				LD_RUNPATH_SEARCH_PATHS = (
					"$(inherited)",
					"@executable_path/Frameworks",
					"@loader_path/Frameworks",
				);
				PRODUCT_BUNDLE_IDENTIFIER = org.dev.app1UITests;
				PRODUCT_NAME = "$(TARGET_NAME)";
				SWIFT_VERSION = 4.2;
				TARGETED_DEVICE_FAMILY = "1,2";
				TEST_TARGET_NAME = app1;
			};
			name = Debug;
		};
		28C5267A22BFC51000F73251 /* Release */ = {
			isa = XCBuildConfiguration;
			buildSettings = {
				ALWAYS_EMBED_SWIFT_STANDARD_LIBRARIES = YES;
				CODE_SIGN_STYLE = Automatic;
				INFOPLIST_FILE = app1UITests/Info.plist;
				LD_RUNPATH_SEARCH_PATHS = (
					"$(inherited)",
					"@executable_path/Frameworks",
					"@loader_path/Frameworks",
				);
				PRODUCT_BUNDLE_IDENTIFIER = org.dev.app1UITests;
				PRODUCT_NAME = "$(TARGET_NAME)";
				SWIFT_VERSION = 4.2;
				TARGETED_DEVICE_FAMILY = "1,2";
				TEST_TARGET_NAME = app1;
			};
			name = Release;
		};
/* End XCBuildConfiguration section */

/* Begin XCConfigurationList section */
		28C5264522BFC50F00F73251 /* Build configuration list for PBXProject "app1" */ = {
			isa = XCConfigurationList;
			buildConfigurations = (
				28C5267022BFC51000F73251 /* Debug */,
				28C5267122BFC51000F73251 /* Release */,
			);
			defaultConfigurationIsVisible = 0;
			defaultConfigurationName = Release;
		};
		28C5267222BFC51000F73251 /* Build configuration list for PBXNativeTarget "app1" */ = {
			isa = XCConfigurationList;
			buildConfigurations = (
				28C5267322BFC51000F73251 /* Debug */,
				28C5267422BFC51000F73251 /* Release */,
			);
			defaultConfigurationIsVisible = 0;
			defaultConfigurationName = Release;
		};
		28C5267522BFC51000F73251 /* Build configuration list for PBXNativeTarget "app1Tests" */ = {
			isa = XCConfigurationList;
			buildConfigurations = (
				28C5267622BFC51000F73251 /* Debug */,
				28C5267722BFC51000F73251 /* Release */,
			);
			defaultConfigurationIsVisible = 0;
			defaultConfigurationName = Release;
		};
		28C5267822BFC51000F73251 /* Build configuration list for PBXNativeTarget "app1UITests" */ = {
			isa = XCConfigurationList;
			buildConfigurations = (
				28C5267922BFC51000F73251 /* Debug */,
				28C5267A22BFC51000F73251 /* Release */,
			);
			defaultConfigurationIsVisible = 0;
			defaultConfigurationName = Release;
		};
/* End XCConfigurationList section */
	};
	rootObject = 28C5264222BFC50F00F73251 /* Project object */;
}
